
Microsoft Visual Studio Solution File, Format Version 12.00
# Visual Studio 14
VisualStudioVersion = 14.0.25420.1
MinimumVisualStudioVersion = 10.0.40219.1
Project("{2150E333-8FDC-42A3-9474-1A3956D46DE8}") = "src", "src", "{3ECA798D-5F5E-481A-B336-4960C165D5EB}"
EndProject
Project("{2150E333-8FDC-42A3-9474-1A3956D46DE8}") = "Solution Items", "Solution Items", "{2EEE0A04-3613-4B9F-A2CF-E670F83A2A63}"
	ProjectSection(SolutionItems) = preProject
		global.json = global.json
	EndProjectSection
EndProject
Project("{8BB2217D-0F2D-49D1-97BC-3654ED321F3B}") = "Assignment2", "src\Assignment2\Assignment2.xproj", "{79BE39CC-DE86-4816-885F-F77CE7044C6F}"
EndProject
Global
	GlobalSection(SolutionConfigurationPlatforms) = preSolution
		Debug|Any CPU = Debug|Any CPU
		Release|Any CPU = Release|Any CPU
	EndGlobalSection
	GlobalSection(ProjectConfigurationPlatforms) = postSolution
		{79BE39CC-DE86-4816-885F-F77CE7044C6F}.Debug|Any CPU.ActiveCfg = Debug|Any CPU
		{79BE39CC-DE86-4816-885F-F77CE7044C6F}.Debug|Any CPU.Build.0 = Debug|Any CPU
		{79BE39CC-DE86-4816-885F-F77CE7044C6F}.Release|Any CPU.ActiveCfg = Release|Any CPU
		{79BE39CC-DE86-4816-885F-F77CE7044C6F}.Release|Any CPU.Build.0 = Release|Any CPU
	EndGlobalSection
	GlobalSection(SolutionProperties) = preSolution
		HideSolutionNode = FALSE
	EndGlobalSection
	GlobalSection(NestedProjects) = preSolution
		{79BE39CC-DE86-4816-885F-F77CE7044C6F} = {3ECA798D-5F5E-481A-B336-4960C165D5EB}
	EndGlobalSection
EndGlobal
